<?xml version="1.0" encoding="utf-8"?>
<Project ToolsVersion="4.0" xmlns="http://schemas.microsoft.com/developer/msbuild/2003">
  <ItemGroup>
    <Filter Include="源文件">
      <UniqueIdentifier>{4FC737F1-C7A5-4376-A066-2A32D752A2FF}</UniqueIdentifier>
      <Extensions>cpp;c;cc;cxx;def;odl;idl;hpj;bat;asm;asmx</Extensions>
    </Filter>
    <Filter Include="头文件">
      <UniqueIdentifier>{93995380-89BD-4b04-88EB-625FBE52EBFB}</UniqueIdentifier>
      <Extensions>h;hpp;hxx;hm;inl;inc;xsd</Extensions>
    </Filter>
    <Filter Include="资源文件">
      <UniqueIdentifier>{67DA6AB6-F800-4c08-8B7A-83BB121AAD01}</UniqueIdentifier>
      <Extensions>rc;ico;cur;bmp;dlg;rc2;rct;bin;rgs;gif;jpg;jpeg;jpe;resx;tiff;tif;png;wav;mfcribbon-ms</Extensions>
    </Filter>
    <Filter Include="源文件\corner">
      <UniqueIdentifier>{d91f1cd8-678d-4020-b958-1d9568beab98}</UniqueIdentifier>
    </Filter>
    <Filter Include="源文件\histgram">
      <UniqueIdentifier>{2b5b056e-425f-4e7e-9b78-06cf969523e1}</UniqueIdentifier>
    </Filter>
    <Filter Include="源文件\garbor">
      <UniqueIdentifier>{9d74e2a6-2cf0-41d4-865b-26a28792fd20}</UniqueIdentifier>
    </Filter>
    <Filter Include="源文件\connectedomain">
      <UniqueIdentifier>{4ec360c4-1df5-4a8d-bf5d-004c597193b4}</UniqueIdentifier>
    </Filter>
    <Filter Include="源文件\hog">
      <UniqueIdentifier>{3e60c0aa-ff79-465c-af0e-a000f4374113}</UniqueIdentifier>
    </Filter>
    <Filter Include="源文件\blob">
      <UniqueIdentifier>{b722e379-b2df-4b44-80cd-7821063d02db}</UniqueIdentifier>
    </Filter>
  </ItemGroup>
  <ItemGroup>
    <ClCompile Include="main.cpp">
      <Filter>源文件</Filter>
    </ClCompile>
    <ClCompile Include="histgram\calcDrawHist.cpp">
      <Filter>源文件\histgram</Filter>
    </ClCompile>
    <ClCompile Include="histgram\equalizeHist.cpp">
      <Filter>源文件\histgram</Filter>
    </ClCompile>
    <ClCompile Include="corner\firecorner.cpp">
      <Filter>源文件\corner</Filter>
    </ClCompile>
    <ClCompile Include="corner\main_corner.cpp">
      <Filter>源文件\corner</Filter>
    </ClCompile>
    <ClCompile Include="histgram\main_histgram.cpp">
      <Filter>源文件\histgram</Filter>
    </ClCompile>
    <ClCompile Include="connectedomain\findMaxConnectedDomain.cpp">
      <Filter>源文件\connectedomain</Filter>
    </ClCompile>
    <ClCompile Include="connectedomain\countConnecteDomain.cpp">
      <Filter>源文件\connectedomain</Filter>
    </ClCompile>
    <ClCompile Include="connectedomain\mserArea.cpp">
      <Filter>源文件\connectedomain</Filter>
    </ClCompile>
    <ClCompile Include="getFiles.cpp">
      <Filter>源文件</Filter>
    </ClCompile>
    <ClCompile Include="corner\surf_match.cpp">
      <Filter>源文件\corner</Filter>
    </ClCompile>
    <ClCompile Include="corner\sift_match.cpp">
      <Filter>源文件\corner</Filter>
    </ClCompile>
    <ClCompile Include="corner\surf_match_opencv.cpp">
      <Filter>源文件\corner</Filter>
    </ClCompile>
    <ClCompile Include="corner\freak_match.cpp">
      <Filter>源文件\corner</Filter>
    </ClCompile>
    <ClCompile Include="corner\fast_detect.cpp">
      <Filter>源文件\corner</Filter>
    </ClCompile>
    <ClCompile Include="corner\susan_detect.cpp">
      <Filter>源文件\corner</Filter>
    </ClCompile>
    <ClCompile Include="corner\harris_detect.cpp">
      <Filter>源文件\corner</Filter>
    </ClCompile>
    <ClCompile Include="histgram\mutiDimHistDraw.cpp">
      <Filter>源文件\histgram</Filter>
    </ClCompile>
    <ClCompile Include="histgram\oneDimHistDraw.cpp">
      <Filter>源文件\histgram</Filter>
    </ClCompile>
    <ClCompile Include="histgram\histMatch.cpp">
      <Filter>源文件\histgram</Filter>
    </ClCompile>
    <ClCompile Include="connectedomain\fixDomain.cpp">
      <Filter>源文件\connectedomain</Filter>
    </ClCompile>
    <ClCompile Include="hog\hog.cpp">
      <Filter>源文件\hog</Filter>
    </ClCompile>
    <ClCompile Include="hog\peopledetect.cpp">
      <Filter>源文件\hog</Filter>
    </ClCompile>
    <ClCompile Include="blob\blob.cpp">
      <Filter>源文件\blob</Filter>
    </ClCompile>
  </ItemGroup>
  <ItemGroup>
    <ClInclude Include="Feature.h">
      <Filter>头文件</Filter>
    </ClInclude>
    <ClInclude Include="corner\corner.h">
      <Filter>头文件</Filter>
    </ClInclude>
    <ClInclude Include="histgram\histgram.h">
      <Filter>头文件</Filter>
    </ClInclude>
  </ItemGroup>
</Project>