
Microsoft Visual Studio Solution File, Format Version 11.00
# Visual Studio 2010
Project("{8BC9CEB8-8B4A-11D0-8D11-00A0C91BC942}") = "OpenCV", "OpenCV\OpenCV.vcxproj", "{45B756FF-11C3-44E3-A3E8-EC7AA4D10A2D}"
EndProject
Project("{8BC9CEB8-8B4A-11D0-8D11-00A0C91BC942}") = "Detection", "EdgeDetection\EdgeDetection.vcxproj", "{A2037EC4-6437-4140-9479-9A91B9287594}"
EndProject
Project("{8BC9CEB8-8B4A-11D0-8D11-00A0C91BC942}") = "Algorithm", "Algorithm\Algorithm.vcxproj", "{F59D96A9-ADD0-470B-9A55-070F96805FFC}"
EndProject
Project("{8BC9CEB8-8B4A-11D0-8D11-00A0C91BC942}") = "Morphology", "Morphology\Morphology.vcxproj", "{BBABB727-E61E-4AD9-99EA-4542A8BA11AE}"
EndProject
Project("{8BC9CEB8-8B4A-11D0-8D11-00A0C91BC942}") = "Feature", "Feature\Feature.vcxproj", "{7F71D238-A3B5-4924-8A68-72F75AAA0609}"
EndProject
Project("{8BC9CEB8-8B4A-11D0-8D11-00A0C91BC942}") = "Transform", "Transform\Transform.vcxproj", "{6CCFAD49-43C6-4C58-ABDB-21E0759ABF31}"
EndProject
Project("{8BC9CEB8-8B4A-11D0-8D11-00A0C91BC942}") = "Track", "Track\Track.vcxproj", "{6554DA57-1312-4258-82A0-0B9B5399C992}"
EndProject
Global
	GlobalSection(SolutionConfigurationPlatforms) = preSolution
		Debug|Win32 = Debug|Win32
		Release|Win32 = Release|Win32
	EndGlobalSection
	GlobalSection(ProjectConfigurationPlatforms) = postSolution
		{45B756FF-11C3-44E3-A3E8-EC7AA4D10A2D}.Debug|Win32.ActiveCfg = Debug|Win32
		{45B756FF-11C3-44E3-A3E8-EC7AA4D10A2D}.Debug|Win32.Build.0 = Debug|Win32
		{45B756FF-11C3-44E3-A3E8-EC7AA4D10A2D}.Release|Win32.ActiveCfg = Release|Win32
		{45B756FF-11C3-44E3-A3E8-EC7AA4D10A2D}.Release|Win32.Build.0 = Release|Win32
		{A2037EC4-6437-4140-9479-9A91B9287594}.Debug|Win32.ActiveCfg = Debug|Win32
		{A2037EC4-6437-4140-9479-9A91B9287594}.Debug|Win32.Build.0 = Debug|Win32
		{A2037EC4-6437-4140-9479-9A91B9287594}.Release|Win32.ActiveCfg = Release|Win32
		{A2037EC4-6437-4140-9479-9A91B9287594}.Release|Win32.Build.0 = Release|Win32
		{F59D96A9-ADD0-470B-9A55-070F96805FFC}.Debug|Win32.ActiveCfg = Debug|Win32
		{F59D96A9-ADD0-470B-9A55-070F96805FFC}.Debug|Win32.Build.0 = Debug|Win32
		{F59D96A9-ADD0-470B-9A55-070F96805FFC}.Release|Win32.ActiveCfg = Release|Win32
		{F59D96A9-ADD0-470B-9A55-070F96805FFC}.Release|Win32.Build.0 = Release|Win32
		{BBABB727-E61E-4AD9-99EA-4542A8BA11AE}.Debug|Win32.ActiveCfg = Debug|Win32
		{BBABB727-E61E-4AD9-99EA-4542A8BA11AE}.Debug|Win32.Build.0 = Debug|Win32
		{BBABB727-E61E-4AD9-99EA-4542A8BA11AE}.Release|Win32.ActiveCfg = Release|Win32
		{BBABB727-E61E-4AD9-99EA-4542A8BA11AE}.Release|Win32.Build.0 = Release|Win32
		{7F71D238-A3B5-4924-8A68-72F75AAA0609}.Debug|Win32.ActiveCfg = Debug|Win32
		{7F71D238-A3B5-4924-8A68-72F75AAA0609}.Debug|Win32.Build.0 = Debug|Win32
		{7F71D238-A3B5-4924-8A68-72F75AAA0609}.Release|Win32.ActiveCfg = Release|Win32
		{7F71D238-A3B5-4924-8A68-72F75AAA0609}.Release|Win32.Build.0 = Release|Win32
		{6CCFAD49-43C6-4C58-ABDB-21E0759ABF31}.Debug|Win32.ActiveCfg = Debug|Win32
		{6CCFAD49-43C6-4C58-ABDB-21E0759ABF31}.Debug|Win32.Build.0 = Debug|Win32
		{6CCFAD49-43C6-4C58-ABDB-21E0759ABF31}.Release|Win32.ActiveCfg = Release|Win32
		{6CCFAD49-43C6-4C58-ABDB-21E0759ABF31}.Release|Win32.Build.0 = Release|Win32
		{6554DA57-1312-4258-82A0-0B9B5399C992}.Debug|Win32.ActiveCfg = Debug|Win32
		{6554DA57-1312-4258-82A0-0B9B5399C992}.Debug|Win32.Build.0 = Debug|Win32
		{6554DA57-1312-4258-82A0-0B9B5399C992}.Release|Win32.ActiveCfg = Release|Win32
		{6554DA57-1312-4258-82A0-0B9B5399C992}.Release|Win32.Build.0 = Release|Win32
	EndGlobalSection
	GlobalSection(SolutionProperties) = preSolution
		HideSolutionNode = FALSE
	EndGlobalSection
EndGlobal
