<?xml version="1.0" encoding="utf-8"?>
<Project ToolsVersion="4.0" xmlns="http://schemas.microsoft.com/developer/msbuild/2003">
  <ItemGroup>
    <Filter Include="源文件">
      <UniqueIdentifier>{4FC737F1-C7A5-4376-A066-2A32D752A2FF}</UniqueIdentifier>
      <Extensions>cpp;c;cc;cxx;def;odl;idl;hpj;bat;asm;asmx</Extensions>
    </Filter>
    <Filter Include="头文件">
      <UniqueIdentifier>{93995380-89BD-4b04-88EB-625FBE52EBFB}</UniqueIdentifier>
      <Extensions>h;hpp;hxx;hm;inl;inc;xsd</Extensions>
    </Filter>
    <Filter Include="资源文件">
      <UniqueIdentifier>{67DA6AB6-F800-4c08-8B7A-83BB121AAD01}</UniqueIdentifier>
      <Extensions>rc;ico;cur;bmp;dlg;rc2;rct;bin;rgs;gif;jpg;jpeg;jpe;resx;tiff;tif;png;wav;mfcribbon-ms</Extensions>
    </Filter>
    <Filter Include="源文件\linear">
      <UniqueIdentifier>{3b7b5adf-cbf4-457f-b6db-44fc06c1c645}</UniqueIdentifier>
    </Filter>
    <Filter Include="源文件\edge">
      <UniqueIdentifier>{48bebf1f-21dc-4535-9d16-196649310fd3}</UniqueIdentifier>
    </Filter>
    <Filter Include="源文件\binaryzation">
      <UniqueIdentifier>{581ab3cb-eaaf-4c77-bb74-8c5bbd6931d6}</UniqueIdentifier>
    </Filter>
    <Filter Include="源文件\contour">
      <UniqueIdentifier>{f97ba01b-daf5-419a-bea2-630871f17131}</UniqueIdentifier>
    </Filter>
    <Filter Include="源文件\circle">
      <UniqueIdentifier>{1ae81457-c8f5-45fb-948f-0e9b9bde7418}</UniqueIdentifier>
    </Filter>
    <Filter Include="源文件\square">
      <UniqueIdentifier>{bee0b492-01eb-4874-bef9-f4648ec1e240}</UniqueIdentifier>
    </Filter>
    <Filter Include="源文件\filtersmooth">
      <UniqueIdentifier>{2e8e47d2-ac20-4fe0-bbe0-81938e39842b}</UniqueIdentifier>
    </Filter>
    <Filter Include="源文件\segment">
      <UniqueIdentifier>{03f03ec9-b731-4723-9dc3-6d57dfb9a894}</UniqueIdentifier>
    </Filter>
    <Filter Include="源文件\saliency">
      <UniqueIdentifier>{69e6603e-64e9-4a09-b177-641278e724c3}</UniqueIdentifier>
    </Filter>
  </ItemGroup>
  <ItemGroup>
    <ClCompile Include="main.cpp">
      <Filter>源文件</Filter>
    </ClCompile>
    <ClCompile Include="edge\edge_whole.cpp">
      <Filter>源文件\edge</Filter>
    </ClCompile>
    <ClCompile Include="edge\canny_trackbar.cpp">
      <Filter>源文件\edge</Filter>
    </ClCompile>
    <ClCompile Include="circle\hough_circle.cpp">
      <Filter>源文件\circle</Filter>
    </ClCompile>
    <ClCompile Include="square\sqaure_detection.cpp">
      <Filter>源文件\square</Filter>
    </ClCompile>
    <ClCompile Include="edge\edge_trackbar.cpp">
      <Filter>源文件\edge</Filter>
    </ClCompile>
    <ClCompile Include="filtersmooth\blur_median_gaussian.cpp">
      <Filter>源文件\filtersmooth</Filter>
    </ClCompile>
    <ClCompile Include="filtersmooth\whole.cpp">
      <Filter>源文件\filtersmooth</Filter>
    </ClCompile>
    <ClCompile Include="contour\minarea.cpp">
      <Filter>源文件\contour</Filter>
    </ClCompile>
    <ClCompile Include="contour\moments_demo.cpp">
      <Filter>源文件\contour</Filter>
    </ClCompile>
    <ClCompile Include="segment\watershed.cpp">
      <Filter>源文件\segment</Filter>
    </ClCompile>
    <ClCompile Include="filtersmooth\maxMinFilter.cpp">
      <Filter>源文件\filtersmooth</Filter>
    </ClCompile>
    <ClCompile Include="filtersmooth\filter_main.cpp">
      <Filter>源文件\filtersmooth</Filter>
    </ClCompile>
    <ClCompile Include="linear\warpHoughLine.cpp">
      <Filter>源文件\linear</Filter>
    </ClCompile>
    <ClCompile Include="linear\lsd.c">
      <Filter>源文件\linear</Filter>
    </ClCompile>
    <ClCompile Include="linear\lsdLineDete.cpp">
      <Filter>源文件\linear</Filter>
    </ClCompile>
    <ClCompile Include="linear\stdHoughLine.cpp">
      <Filter>源文件\linear</Filter>
    </ClCompile>
    <ClCompile Include="linear\houghlines.cpp">
      <Filter>源文件\linear</Filter>
    </ClCompile>
    <ClCompile Include="binaryzation\niblack.cpp">
      <Filter>源文件\binaryzation</Filter>
    </ClCompile>
    <ClCompile Include="binaryzation\threshold.cpp">
      <Filter>源文件\binaryzation</Filter>
    </ClCompile>
    <ClCompile Include="saliency\saliency.cpp">
      <Filter>源文件\saliency</Filter>
    </ClCompile>
    <ClCompile Include="contour\contour_area.cpp">
      <Filter>源文件\contour</Filter>
    </ClCompile>
    <ClCompile Include="contour\contours_g1.c">
      <Filter>源文件\contour</Filter>
    </ClCompile>
    <ClCompile Include="contour\contours_g1.1.cpp">
      <Filter>源文件\contour</Filter>
    </ClCompile>
    <ClCompile Include="contour\contours_g2.cpp">
      <Filter>源文件\contour</Filter>
    </ClCompile>
    <ClCompile Include="contour\contour3_4.cpp">
      <Filter>源文件\contour</Filter>
    </ClCompile>
    <ClCompile Include="contour\contour1_2.cpp">
      <Filter>源文件\contour</Filter>
    </ClCompile>
    <ClCompile Include="segment\maxEntropy.cpp">
      <Filter>源文件\segment</Filter>
    </ClCompile>
    <ClCompile Include="contour\shapeDescriptor1.cpp">
      <Filter>源文件\contour</Filter>
    </ClCompile>
    <ClCompile Include="segment\grabcutDemo.cpp">
      <Filter>源文件\segment</Filter>
    </ClCompile>
    <ClCompile Include="contour\shapeDescriptor2.cpp">
      <Filter>源文件\contour</Filter>
    </ClCompile>
    <ClCompile Include="segment\meanshift.cpp">
      <Filter>源文件\segment</Filter>
    </ClCompile>
    <ClCompile Include="binaryzation\wellner93.cpp">
      <Filter>源文件\binaryzation</Filter>
    </ClCompile>
    <ClCompile Include="contour\hierarchyContours.cpp">
      <Filter>源文件\contour</Filter>
    </ClCompile>
  </ItemGroup>
  <ItemGroup>
    <ClInclude Include="detection.h">
      <Filter>头文件</Filter>
    </ClInclude>
    <ClInclude Include="warpHoughLine.h">
      <Filter>头文件</Filter>
    </ClInclude>
  </ItemGroup>
</Project>