<?xml version="1.0" encoding="utf-8"?>
<Project ToolsVersion="4.0" xmlns="http://schemas.microsoft.com/developer/msbuild/2003">
  <ItemGroup>
    <Filter Include="源文件">
      <UniqueIdentifier>{4FC737F1-C7A5-4376-A066-2A32D752A2FF}</UniqueIdentifier>
      <Extensions>cpp;c;cc;cxx;def;odl;idl;hpj;bat;asm;asmx</Extensions>
    </Filter>
    <Filter Include="头文件">
      <UniqueIdentifier>{93995380-89BD-4b04-88EB-625FBE52EBFB}</UniqueIdentifier>
      <Extensions>h;hpp;hxx;hm;inl;inc;xsd</Extensions>
    </Filter>
    <Filter Include="资源文件">
      <UniqueIdentifier>{67DA6AB6-F800-4c08-8B7A-83BB121AAD01}</UniqueIdentifier>
      <Extensions>rc;ico;cur;bmp;dlg;rc2;rct;bin;rgs;gif;jpg;jpeg;jpe;resx;tiff;tif;png;wav;mfcribbon-ms</Extensions>
    </Filter>
    <Filter Include="源文件\base">
      <UniqueIdentifier>{98c99c30-0ae1-4dc3-9b34-e303458e48d4}</UniqueIdentifier>
    </Filter>
    <Filter Include="源文件\channels">
      <UniqueIdentifier>{1f223718-869b-4dd4-9c47-408117f1b730}</UniqueIdentifier>
    </Filter>
    <Filter Include="源文件\detection">
      <UniqueIdentifier>{d76b7023-0b6e-4dd6-ae56-ddf77fa20991}</UniqueIdentifier>
    </Filter>
    <Filter Include="源文件\roi">
      <UniqueIdentifier>{5cf08ea7-96d7-49e7-9824-d2ec0d1348d2}</UniqueIdentifier>
    </Filter>
    <Filter Include="源文件\video">
      <UniqueIdentifier>{75efa6cf-f4e3-4933-94a6-334787de04af}</UniqueIdentifier>
    </Filter>
    <Filter Include="源文件\xml">
      <UniqueIdentifier>{cf731c70-8272-4b38-85ac-96f4184db3e6}</UniqueIdentifier>
    </Filter>
    <Filter Include="源文件\regiongrow">
      <UniqueIdentifier>{19ccb551-0376-4c9c-98f7-6f6f047b35af}</UniqueIdentifier>
    </Filter>
    <Filter Include="源文件\pyramid">
      <UniqueIdentifier>{a8c6ed0e-d94b-4155-83d5-103c5ac78fb9}</UniqueIdentifier>
    </Filter>
  </ItemGroup>
  <ItemGroup>
    <ClCompile Include="ROI\roi.cpp">
      <Filter>源文件\roi</Filter>
    </ClCompile>
    <ClCompile Include="ROI\roi_mat.cpp">
      <Filter>源文件\roi</Filter>
    </ClCompile>
    <ClCompile Include="ROI\roi_merge.cpp">
      <Filter>源文件\roi</Filter>
    </ClCompile>
    <ClCompile Include="channels\OpenCVseedfillingcol.cpp">
      <Filter>源文件\channels</Filter>
    </ClCompile>
    <ClCompile Include="channels\channels_split_merge_mat.cpp">
      <Filter>源文件\channels</Filter>
    </ClCompile>
    <ClCompile Include="channels\SobelColor.cpp">
      <Filter>源文件\channels</Filter>
    </ClCompile>
    <ClCompile Include="main.cpp">
      <Filter>源文件</Filter>
    </ClCompile>
    <ClCompile Include="base\msubstract.cpp">
      <Filter>源文件\base</Filter>
    </ClCompile>
    <ClCompile Include="base\readImg.cpp">
      <Filter>源文件\base</Filter>
    </ClCompile>
    <ClCompile Include="channels\channel_split_merge.cpp">
      <Filter>源文件\channels</Filter>
    </ClCompile>
    <ClCompile Include="channels\rgb2hsv.cpp">
      <Filter>源文件\channels</Filter>
    </ClCompile>
    <ClCompile Include="channels\getRGB.cpp">
      <Filter>源文件\channels</Filter>
    </ClCompile>
    <ClCompile Include="base\visit_elem_mat.cpp">
      <Filter>源文件\base</Filter>
    </ClCompile>
    <ClCompile Include="video\frameMean.cpp">
      <Filter>源文件\video</Filter>
    </ClCompile>
    <ClCompile Include="region\regionGrow.cpp">
      <Filter>源文件\regiongrow</Filter>
    </ClCompile>
    <ClCompile Include="region\regionGrow1.cpp">
      <Filter>源文件\regiongrow</Filter>
    </ClCompile>
    <ClCompile Include="region\regionGrow2.cpp">
      <Filter>源文件\regiongrow</Filter>
    </ClCompile>
    <ClCompile Include="base\matrixCalculate.cpp">
      <Filter>源文件\base</Filter>
    </ClCompile>
    <ClCompile Include="pyramid\pyr.cpp">
      <Filter>源文件\pyramid</Filter>
    </ClCompile>
    <ClCompile Include="video\videolabel.cpp">
      <Filter>源文件\video</Filter>
    </ClCompile>
    <ClCompile Include="xml\xml_read_write.cpp">
      <Filter>源文件\xml</Filter>
    </ClCompile>
    <ClCompile Include="xml\xml_whole.cpp">
      <Filter>源文件\xml</Filter>
    </ClCompile>
    <ClCompile Include="xml\xml_class.cpp">
      <Filter>源文件\xml</Filter>
    </ClCompile>
  </ItemGroup>
  <ItemGroup>
    <ClInclude Include="opencv.h">
      <Filter>头文件</Filter>
    </ClInclude>
  </ItemGroup>
</Project>